
Microsoft Visual Studio Solution File, Format Version 12.00
# Visual Studio Version 17
VisualStudioVersion = 17.0.31903.59
MinimumVisualStudioVersion = 10.0.40219.1
Project("{FAE04EC0-301F-11D3-BF4B-00C04F79EFBC}") = "SharpSeer", "SharpSeer\SharpSeer.csproj", "{6B336CA2-9A8B-4461-8D08-22B0D6C744B6}"
EndProject
Project("{FAE04EC0-301F-11D3-BF4B-00C04F79EFBC}") = "SharpSeer.Test", "SharpSeer.Test\SharpSeer.Test.csproj", "{67636E16-364E-4D39-97A2-76A3A568791A}"
EndProject
Global
	GlobalSection(SolutionConfigurationPlatforms) = preSolution
		Debug|Any CPU = Debug|Any CPU
		Debug|x64 = Debug|x64
		Debug|x86 = Debug|x86
		Release|Any CPU = Release|Any CPU
		Release|x64 = Release|x64
		Release|x86 = Release|x86
	EndGlobalSection
	GlobalSection(ProjectConfigurationPlatforms) = postSolution
		{6B336CA2-9A8B-4461-8D08-22B0D6C744B6}.Debug|Any CPU.ActiveCfg = Debug|Any CPU
		{6B336CA2-9A8B-4461-8D08-22B0D6C744B6}.Debug|Any CPU.Build.0 = Debug|Any CPU
		{6B336CA2-9A8B-4461-8D08-22B0D6C744B6}.Debug|x64.ActiveCfg = Debug|Any CPU
		{6B336CA2-9A8B-4461-8D08-22B0D6C744B6}.Debug|x64.Build.0 = Debug|Any CPU
		{6B336CA2-9A8B-4461-8D08-22B0D6C744B6}.Debug|x86.ActiveCfg = Debug|Any CPU
		{6B336CA2-9A8B-4461-8D08-22B0D6C744B6}.Debug|x86.Build.0 = Debug|Any CPU
		{6B336CA2-9A8B-4461-8D08-22B0D6C744B6}.Release|Any CPU.ActiveCfg = Release|Any CPU
		{6B336CA2-9A8B-4461-8D08-22B0D6C744B6}.Release|Any CPU.Build.0 = Release|Any CPU
		{6B336CA2-9A8B-4461-8D08-22B0D6C744B6}.Release|x64.ActiveCfg = Release|Any CPU
		{6B336CA2-9A8B-4461-8D08-22B0D6C744B6}.Release|x64.Build.0 = Release|Any CPU
		{6B336CA2-9A8B-4461-8D08-22B0D6C744B6}.Release|x86.ActiveCfg = Release|Any CPU
		{6B336CA2-9A8B-4461-8D08-22B0D6C744B6}.Release|x86.Build.0 = Release|Any CPU
		{67636E16-364E-4D39-97A2-76A3A568791A}.Debug|Any CPU.ActiveCfg = Debug|Any CPU
		{67636E16-364E-4D39-97A2-76A3A568791A}.Debug|Any CPU.Build.0 = Debug|Any CPU
		{67636E16-364E-4D39-97A2-76A3A568791A}.Debug|x64.ActiveCfg = Debug|Any CPU
		{67636E16-364E-4D39-97A2-76A3A568791A}.Debug|x64.Build.0 = Debug|Any CPU
		{67636E16-364E-4D39-97A2-76A3A568791A}.Debug|x86.ActiveCfg = Debug|Any CPU
		{67636E16-364E-4D39-97A2-76A3A568791A}.Debug|x86.Build.0 = Debug|Any CPU
		{67636E16-364E-4D39-97A2-76A3A568791A}.Release|Any CPU.ActiveCfg = Release|Any CPU
		{67636E16-364E-4D39-97A2-76A3A568791A}.Release|Any CPU.Build.0 = Release|Any CPU
		{67636E16-364E-4D39-97A2-76A3A568791A}.Release|x64.ActiveCfg = Release|Any CPU
		{67636E16-364E-4D39-97A2-76A3A568791A}.Release|x64.Build.0 = Release|Any CPU
		{67636E16-364E-4D39-97A2-76A3A568791A}.Release|x86.ActiveCfg = Release|Any CPU
		{67636E16-364E-4D39-97A2-76A3A568791A}.Release|x86.Build.0 = Release|Any CPU
	EndGlobalSection
	GlobalSection(SolutionProperties) = preSolution
		HideSolutionNode = FALSE
	EndGlobalSection
EndGlobal
